schema: '2.0'
stages:
  load_data:
    cmd: python src/load_data.py --config=params.yaml
    deps:
    - path: data_given/winequality.csv
      md5: ccc8d3507eb151f53f760d36abdef888
      size: 91998
    - path: src/get_data.py
      md5: 05c6b6e42f1ef57f92a85ee0cbd79dc7
      size: 667
    - path: src/load_data.py
      md5: bf9ea6e0fcd2ef3899ba4c7d8292dec1
      size: 648
    outs:
    - path: data/raw/winequality.csv
      md5: d98e8f2eca228c11c4de1cc96866a54d
      size: 91998
  split_data:
    cmd: python src/split_data.py --config=params.yaml
    deps:
    - path: data/raw/winequality.csv
      md5: d98e8f2eca228c11c4de1cc96866a54d
      size: 91998
    - path: src/split_data.py
      md5: 1560eabaf7b87616a8942870a0a6e0d5
      size: 1044
    outs:
    - path: data/processed/test_winequality.csv
      md5: f6b986c85a1eb708bb099b92d4578f4f
      size: 19152
    - path: data/processed/train_winequality.csv
      md5: ba1c70a53a40c5f5a769152c4ad5e2c3
      size: 76193
